{
    "name": "react-tender",
    "version": "1.1.1",
    "lockfileVersion": 2,
    "requires": true,
    "packages": {
        "": {
            "name": "react-tender",
            "version": "1.1.1",
            "license": "MIT",
            "devDependencies": {
                "@types/react": "18.3.6",
                "@types/react-dom": "18.3.0",
                "npm-run-all2": "6.2.3",
                "react": "18.3.1",
                "react-dom": "18.3.1",
                "typescript": "5.5.4"
            },
            "peerDependencies": {
                "react": "^16.0.0-rc || ^16 || ^17 || ^18.0.0",
                "react-dom": "^16.0.0-rc || ^16 || ^17 || ^18.0.0"
            }
        },
        "node_modules/@types/prop-types": {
            "version": "15.7.4",
            "resolved": "https://registry.npmjs.org/@types/prop-types/-/prop-types-15.7.4.tgz",
            "integrity": "sha512-rZ5drC/jWjrArrS8BR6SIr4cWpW09RNTYt9AMZo3Jwwif+iacXAqgVjm0B0Bv/S1jhDXKHqRVNCbACkJ89RAnQ==",
            "dev": true
        },
        "node_modules/@types/react": {
            "version": "18.3.6",
            "resolved": "https://registry.npmjs.org/@types/react/-/react-18.3.6.tgz",
            "integrity": "sha512-CnGaRYNu2iZlkGXGrOYtdg5mLK8neySj0woZ4e2wF/eli2E6Sazmq5X+Nrj6OBrrFVQfJWTUFeqAzoRhWQXYvg==",
            "dev": true,
            "dependencies": {
                "@types/prop-types": "*",
                "csstype": "^3.0.2"
            }
        },
        "node_modules/@types/react-dom": {
            "version": "18.3.0",
            "resolved": "https://registry.npmjs.org/@types/react-dom/-/react-dom-18.3.0.tgz",
            "integrity": "sha512-EhwApuTmMBmXuFOikhQLIBUn6uFg81SwLMOAUgodJF14SOBOCMdU04gDoYi0WOJJHD144TL32z4yDqCW3dnkQg==",
            "dev": true,
            "dependencies": {
                "@types/react": "*"
            }
        },
        "node_modules/ansi-styles": {
            "version": "6.2.1",
            "resolved": "https://registry.npmjs.org/ansi-styles/-/ansi-styles-6.2.1.tgz",
            "integrity": "sha512-bN798gFfQX+viw3R7yrGWRqnrN2oRkEkUjjl4JNn4E8GxxbjtG3FbrEIIY3l8/hrwUwIeCZvi4QuOTP4MErVug==",
            "dev": true,
            "engines": {
                "node": ">=12"
            },
            "funding": {
                "url": "https://github.com/chalk/ansi-styles?sponsor=1"
            }
        },
        "node_modules/balanced-match": {
            "version": "1.0.2",
            "resolved": "https://registry.npmjs.org/balanced-match/-/balanced-match-1.0.2.tgz",
            "integrity": "sha512-3oSeUO0TMV67hN1AmbXsK4yaqU7tjiHlbxRDZOpH0KW9+CeX4bRAaX0Anxt0tx2MrpRpWwQaPwIlISEJhYU5Pw==",
            "dev": true
        },
        "node_modules/brace-expansion": {
            "version": "2.0.1",
            "resolved": "https://registry.npmjs.org/brace-expansion/-/brace-expansion-2.0.1.tgz",
            "integrity": "sha512-XnAIvQ8eM+kC6aULx6wuQiwVsnzsi9d3WxzV3FpWTGA19F621kwdbsAcFKXgKUHZWsy+mY6iL1sHTxWEFCytDA==",
            "dev": true,
            "dependencies": {
                "balanced-match": "^1.0.0"
            }
        },
        "node_modules/cross-spawn": {
            "version": "7.0.3",
            "resolved": "https://registry.npmjs.org/cross-spawn/-/cross-spawn-7.0.3.tgz",
            "integrity": "sha512-iRDPJKUPVEND7dHPO8rkbOnPpyDygcDFtWjpeWNCgy8WP2rXcxXL8TskReQl6OrB2G7+UJrags1q15Fudc7G6w==",
            "dev": true,
            "dependencies": {
                "path-key": "^3.1.0",
                "shebang-command": "^2.0.0",
                "which": "^2.0.1"
            },
            "engines": {
                "node": ">= 8"
            }
        },
        "node_modules/csstype": {
            "version": "3.0.9",
            "resolved": "https://registry.npmjs.org/csstype/-/csstype-3.0.9.tgz",
            "integrity": "sha512-rpw6JPxK6Rfg1zLOYCSwle2GFOOsnjmDYDaBwEcwoOg4qlsIVCN789VkBZDJAGi4T07gI4YSutR43t9Zz4Lzuw==",
            "dev": true
        },
        "node_modules/isexe": {
            "version": "2.0.0",
            "resolved": "https://registry.npmjs.org/isexe/-/isexe-2.0.0.tgz",
            "integrity": "sha512-RHxMLp9lnKHGHRng9QFhRCMbYAcVpn69smSGcq3f36xjgVVWThj4qqLbTLlq7Ssj8B+fIQ1EuCEGI2lKsyQeIw==",
            "dev": true
        },
        "node_modules/js-tokens": {
            "version": "4.0.0",
            "resolved": "https://registry.npmjs.org/js-tokens/-/js-tokens-4.0.0.tgz",
            "integrity": "sha512-RdJUflcE3cUzKiMqQgsCu06FPu9UdIJO0beYbPhHN4k6apgJtifcoCtT9bcxOpYBtpD2kCM6Sbzg4CausW/PKQ==",
            "dev": true
        },
        "node_modules/json-parse-even-better-errors": {
            "version": "3.0.1",
            "resolved": "https://registry.npmjs.org/json-parse-even-better-errors/-/json-parse-even-better-errors-3.0.1.tgz",
            "integrity": "sha512-aatBvbL26wVUCLmbWdCpeu9iF5wOyWpagiKkInA+kfws3sWdBrTnsvN2CKcyCYyUrc7rebNBlK6+kteg7ksecg==",
            "dev": true,
            "engines": {
                "node": "^14.17.0 || ^16.13.0 || >=18.0.0"
            }
        },
        "node_modules/loose-envify": {
            "version": "1.4.0",
            "resolved": "https://registry.npmjs.org/loose-envify/-/loose-envify-1.4.0.tgz",
            "integrity": "sha512-lyuxPGr/Wfhrlem2CL/UcnUc1zcqKAImBDzukY7Y5F/yQiNdko6+fRLevlw1HgMySw7f611UIY408EtxRSoK3Q==",
            "dev": true,
            "dependencies": {
                "js-tokens": "^3.0.0 || ^4.0.0"
            },
            "bin": {
                "loose-envify": "cli.js"
            }
        },
        "node_modules/memorystream": {
            "version": "0.3.1",
            "resolved": "https://registry.npmjs.org/memorystream/-/memorystream-0.3.1.tgz",
            "integrity": "sha1-htcJCzDORV1j+64S3aUaR93K+bI=",
            "dev": true,
            "engines": {
                "node": ">= 0.10.0"
            }
        },
        "node_modules/minimatch": {
            "version": "9.0.3",
            "resolved": "https://registry.npmjs.org/minimatch/-/minimatch-9.0.3.tgz",
            "integrity": "sha512-RHiac9mvaRw0x3AYRgDC1CxAP7HTcNrrECeA8YYJeWnpo+2Q5CegtZjaotWTWxDG3UeGA1coE05iH1mPjT/2mg==",
            "dev": true,
            "dependencies": {
                "brace-expansion": "^2.0.1"
            },
            "engines": {
                "node": ">=16 || 14 >=14.17"
            },
            "funding": {
                "url": "https://github.com/sponsors/isaacs"
            }
        },
        "node_modules/npm-normalize-package-bin": {
            "version": "3.0.1",
            "resolved": "https://registry.npmjs.org/npm-normalize-package-bin/-/npm-normalize-package-bin-3.0.1.tgz",
            "integrity": "sha512-dMxCf+zZ+3zeQZXKxmyuCKlIDPGuv8EF940xbkC4kQVDTtqoh6rJFO+JTKSA6/Rwi0getWmtuy4Itup0AMcaDQ==",
            "dev": true,
            "engines": {
                "node": "^14.17.0 || ^16.13.0 || >=18.0.0"
            }
        },
        "node_modules/npm-run-all2": {
            "version": "6.2.3",
            "resolved": "https://registry.npmjs.org/npm-run-all2/-/npm-run-all2-6.2.3.tgz",
            "integrity": "sha512-5RsxC7jEc/RjxOYBVdEfrJf5FsJ0pHA7jr2/OxrThXknajETCTYjigOCG3iaGjdYIKEQlDuCG0ir0T1HTva8pg==",
            "dev": true,
            "dependencies": {
                "ansi-styles": "^6.2.1",
                "cross-spawn": "^7.0.3",
                "memorystream": "^0.3.1",
                "minimatch": "^9.0.0",
                "pidtree": "^0.6.0",
                "read-package-json-fast": "^3.0.2",
                "shell-quote": "^1.7.3"
            },
            "bin": {
                "npm-run-all": "bin/npm-run-all/index.js",
                "npm-run-all2": "bin/npm-run-all/index.js",
                "run-p": "bin/run-p/index.js",
                "run-s": "bin/run-s/index.js"
            },
            "engines": {
                "node": "^14.18.0 || ^16.13.0 || >=18.0.0",
                "npm": ">= 8"
            }
        },
        "node_modules/path-key": {
            "version": "3.1.1",
            "resolved": "https://registry.npmjs.org/path-key/-/path-key-3.1.1.tgz",
            "integrity": "sha512-ojmeN0qd+y0jszEtoY48r0Peq5dwMEkIlCOu6Q5f41lfkswXuKtYrhgoTpLnyIcHm24Uhqx+5Tqm2InSwLhE6Q==",
            "dev": true,
            "engines": {
                "node": ">=8"
            }
        },
        "node_modules/pidtree": {
            "version": "0.6.0",
            "resolved": "https://registry.npmjs.org/pidtree/-/pidtree-0.6.0.tgz",
            "integrity": "sha512-eG2dWTVw5bzqGRztnHExczNxt5VGsE6OwTeCG3fdUf9KBsZzO3R5OIIIzWR+iZA0NtZ+RDVdaoE2dK1cn6jH4g==",
            "dev": true,
            "bin": {
                "pidtree": "bin/pidtree.js"
            },
            "engines": {
                "node": ">=0.10"
            }
        },
        "node_modules/react": {
            "version": "18.3.1",
            "resolved": "https://registry.npmjs.org/react/-/react-18.3.1.tgz",
            "integrity": "sha512-wS+hAgJShR0KhEvPJArfuPVN1+Hz1t0Y6n5jLrGQbkb4urgPE/0Rve+1kMB1v/oWgHgm4WIcV+i7F2pTVj+2iQ==",
            "dev": true,
            "dependencies": {
                "loose-envify": "^1.1.0"
            },
            "engines": {
                "node": ">=0.10.0"
            }
        },
        "node_modules/react-dom": {
            "version": "18.3.1",
            "resolved": "https://registry.npmjs.org/react-dom/-/react-dom-18.3.1.tgz",
            "integrity": "sha512-5m4nQKp+rZRb09LNH59GM4BxTh9251/ylbKIbpe7TpGxfJ+9kv6BLkLBXIjjspbgbnIBNqlI23tRnTWT0snUIw==",
            "dev": true,
            "dependencies": {
                "loose-envify": "^1.1.0",
                "scheduler": "^0.23.2"
            },
            "peerDependencies": {
                "react": "^18.3.1"
            }
        },
        "node_modules/read-package-json-fast": {
            "version": "3.0.2",
            "resolved": "https://registry.npmjs.org/read-package-json-fast/-/read-package-json-fast-3.0.2.tgz",
            "integrity": "sha512-0J+Msgym3vrLOUB3hzQCuZHII0xkNGCtz/HJH9xZshwv9DbDwkw1KaE3gx/e2J5rpEY5rtOy6cyhKOPrkP7FZw==",
            "dev": true,
            "dependencies": {
                "json-parse-even-better-errors": "^3.0.0",
                "npm-normalize-package-bin": "^3.0.0"
            },
            "engines": {
                "node": "^14.17.0 || ^16.13.0 || >=18.0.0"
            }
        },
        "node_modules/scheduler": {
            "version": "0.23.2",
            "resolved": "https://registry.npmjs.org/scheduler/-/scheduler-0.23.2.tgz",
            "integrity": "sha512-UOShsPwz7NrMUqhR6t0hWjFduvOzbtv7toDH1/hIrfRNIDBnnBWd0CwJTGvTpngVlmwGCdP9/Zl/tVrDqcuYzQ==",
            "dev": true,
            "dependencies": {
                "loose-envify": "^1.1.0"
            }
        },
        "node_modules/shebang-command": {
            "version": "2.0.0",
            "resolved": "https://registry.npmjs.org/shebang-command/-/shebang-command-2.0.0.tgz",
            "integrity": "sha512-kHxr2zZpYtdmrN1qDjrrX/Z1rR1kG8Dx+gkpK1G4eXmvXswmcE1hTWBWYUzlraYw1/yZp6YuDY77YtvbN0dmDA==",
            "dev": true,
            "dependencies": {
                "shebang-regex": "^3.0.0"
            },
            "engines": {
                "node": ">=8"
            }
        },
        "node_modules/shebang-regex": {
            "version": "3.0.0",
            "resolved": "https://registry.npmjs.org/shebang-regex/-/shebang-regex-3.0.0.tgz",
            "integrity": "sha512-7++dFhtcx3353uBaq8DDR4NuxBetBzC7ZQOhmTQInHEd6bSrXdiEyzCvG07Z44UYdLShWUyXt5M/yhz8ekcb1A==",
            "dev": true,
            "engines": {
                "node": ">=8"
            }
        },
        "node_modules/shell-quote": {
            "version": "1.7.3",
            "resolved": "https://registry.npmjs.org/shell-quote/-/shell-quote-1.7.3.tgz",
            "integrity": "sha512-Vpfqwm4EnqGdlsBFNmHhxhElJYrdfcxPThu+ryKS5J8L/fhAwLazFZtq+S+TWZ9ANj2piSQLGj6NQg+lKPmxrw==",
            "dev": true
        },
        "node_modules/typescript": {
            "version": "5.5.4",
            "resolved": "https://registry.npmjs.org/typescript/-/typescript-5.5.4.tgz",
            "integrity": "sha512-Mtq29sKDAEYP7aljRgtPOpTvOfbwRWlS6dPRzwjdE+C0R4brX/GUyhHSecbHMFLNBLcJIPt9nl9yG5TZ1weH+Q==",
            "dev": true,
            "bin": {
                "tsc": "bin/tsc",
                "tsserver": "bin/tsserver"
            },
            "engines": {
                "node": ">=14.17"
            }
        },
        "node_modules/which": {
            "version": "2.0.2",
            "resolved": "https://registry.npmjs.org/which/-/which-2.0.2.tgz",
            "integrity": "sha512-BLI3Tl1TW3Pvl70l3yq3Y64i+awpwXqsGBYWkkqMtnbXgrMD+yj7rhW0kuEDxzJaYXGjEW5ogapKNMEKNMjibA==",
            "dev": true,
            "dependencies": {
                "isexe": "^2.0.0"
            },
            "bin": {
                "node-which": "bin/node-which"
            },
            "engines": {
                "node": ">= 8"
            }
        }
    },
    "dependencies": {
        "@types/prop-types": {
            "version": "15.7.4",
            "resolved": "https://registry.npmjs.org/@types/prop-types/-/prop-types-15.7.4.tgz",
            "integrity": "sha512-rZ5drC/jWjrArrS8BR6SIr4cWpW09RNTYt9AMZo3Jwwif+iacXAqgVjm0B0Bv/S1jhDXKHqRVNCbACkJ89RAnQ==",
            "dev": true
        },
        "@types/react": {
            "version": "18.3.6",
            "resolved": "https://registry.npmjs.org/@types/react/-/react-18.3.6.tgz",
            "integrity": "sha512-CnGaRYNu2iZlkGXGrOYtdg5mLK8neySj0woZ4e2wF/eli2E6Sazmq5X+Nrj6OBrrFVQfJWTUFeqAzoRhWQXYvg==",
            "dev": true,
            "requires": {
                "@types/prop-types": "*",
                "csstype": "^3.0.2"
            }
        },
        "@types/react-dom": {
            "version": "18.3.0",
            "resolved": "https://registry.npmjs.org/@types/react-dom/-/react-dom-18.3.0.tgz",
            "integrity": "sha512-EhwApuTmMBmXuFOikhQLIBUn6uFg81SwLMOAUgodJF14SOBOCMdU04gDoYi0WOJJHD144TL32z4yDqCW3dnkQg==",
            "dev": true,
            "requires": {
                "@types/react": "*"
            }
        },
        "ansi-styles": {
            "version": "6.2.1",
            "resolved": "https://registry.npmjs.org/ansi-styles/-/ansi-styles-6.2.1.tgz",
            "integrity": "sha512-bN798gFfQX+viw3R7yrGWRqnrN2oRkEkUjjl4JNn4E8GxxbjtG3FbrEIIY3l8/hrwUwIeCZvi4QuOTP4MErVug==",
            "dev": true
        },
        "balanced-match": {
            "version": "1.0.2",
            "resolved": "https://registry.npmjs.org/balanced-match/-/balanced-match-1.0.2.tgz",
            "integrity": "sha512-3oSeUO0TMV67hN1AmbXsK4yaqU7tjiHlbxRDZOpH0KW9+CeX4bRAaX0Anxt0tx2MrpRpWwQaPwIlISEJhYU5Pw==",
            "dev": true
        },
        "brace-expansion": {
            "version": "2.0.1",
            "resolved": "https://registry.npmjs.org/brace-expansion/-/brace-expansion-2.0.1.tgz",
            "integrity": "sha512-XnAIvQ8eM+kC6aULx6wuQiwVsnzsi9d3WxzV3FpWTGA19F621kwdbsAcFKXgKUHZWsy+mY6iL1sHTxWEFCytDA==",
            "dev": true,
            "requires": {
                "balanced-match": "^1.0.0"
            }
        },
        "cross-spawn": {
            "version": "7.0.3",
            "resolved": "https://registry.npmjs.org/cross-spawn/-/cross-spawn-7.0.3.tgz",
            "integrity": "sha512-iRDPJKUPVEND7dHPO8rkbOnPpyDygcDFtWjpeWNCgy8WP2rXcxXL8TskReQl6OrB2G7+UJrags1q15Fudc7G6w==",
            "dev": true,
            "requires": {
                "path-key": "^3.1.0",
                "shebang-command": "^2.0.0",
                "which": "^2.0.1"
            }
        },
        "csstype": {
            "version": "3.0.9",
            "resolved": "https://registry.npmjs.org/csstype/-/csstype-3.0.9.tgz",
            "integrity": "sha512-rpw6JPxK6Rfg1zLOYCSwle2GFOOsnjmDYDaBwEcwoOg4qlsIVCN789VkBZDJAGi4T07gI4YSutR43t9Zz4Lzuw==",
            "dev": true
        },
        "isexe": {
            "version": "2.0.0",
            "resolved": "https://registry.npmjs.org/isexe/-/isexe-2.0.0.tgz",
            "integrity": "sha512-RHxMLp9lnKHGHRng9QFhRCMbYAcVpn69smSGcq3f36xjgVVWThj4qqLbTLlq7Ssj8B+fIQ1EuCEGI2lKsyQeIw==",
            "dev": true
        },
        "js-tokens": {
            "version": "4.0.0",
            "resolved": "https://registry.npmjs.org/js-tokens/-/js-tokens-4.0.0.tgz",
            "integrity": "sha512-RdJUflcE3cUzKiMqQgsCu06FPu9UdIJO0beYbPhHN4k6apgJtifcoCtT9bcxOpYBtpD2kCM6Sbzg4CausW/PKQ==",
            "dev": true
        },
        "json-parse-even-better-errors": {
            "version": "3.0.1",
            "resolved": "https://registry.npmjs.org/json-parse-even-better-errors/-/json-parse-even-better-errors-3.0.1.tgz",
            "integrity": "sha512-aatBvbL26wVUCLmbWdCpeu9iF5wOyWpagiKkInA+kfws3sWdBrTnsvN2CKcyCYyUrc7rebNBlK6+kteg7ksecg==",
            "dev": true
        },
        "loose-envify": {
            "version": "1.4.0",
            "resolved": "https://registry.npmjs.org/loose-envify/-/loose-envify-1.4.0.tgz",
            "integrity": "sha512-lyuxPGr/Wfhrlem2CL/UcnUc1zcqKAImBDzukY7Y5F/yQiNdko6+fRLevlw1HgMySw7f611UIY408EtxRSoK3Q==",
            "dev": true,
            "requires": {
                "js-tokens": "^3.0.0 || ^4.0.0"
            }
        },
        "memorystream": {
            "version": "0.3.1",
            "resolved": "https://registry.npmjs.org/memorystream/-/memorystream-0.3.1.tgz",
            "integrity": "sha1-htcJCzDORV1j+64S3aUaR93K+bI=",
            "dev": true
        },
        "minimatch": {
            "version": "9.0.3",
            "resolved": "https://registry.npmjs.org/minimatch/-/minimatch-9.0.3.tgz",
            "integrity": "sha512-RHiac9mvaRw0x3AYRgDC1CxAP7HTcNrrECeA8YYJeWnpo+2Q5CegtZjaotWTWxDG3UeGA1coE05iH1mPjT/2mg==",
            "dev": true,
            "requires": {
                "brace-expansion": "^2.0.1"
            }
        },
        "npm-normalize-package-bin": {
            "version": "3.0.1",
            "resolved": "https://registry.npmjs.org/npm-normalize-package-bin/-/npm-normalize-package-bin-3.0.1.tgz",
            "integrity": "sha512-dMxCf+zZ+3zeQZXKxmyuCKlIDPGuv8EF940xbkC4kQVDTtqoh6rJFO+JTKSA6/Rwi0getWmtuy4Itup0AMcaDQ==",
            "dev": true
        },
        "npm-run-all2": {
            "version": "6.2.3",
            "resolved": "https://registry.npmjs.org/npm-run-all2/-/npm-run-all2-6.2.3.tgz",
            "integrity": "sha512-5RsxC7jEc/RjxOYBVdEfrJf5FsJ0pHA7jr2/OxrThXknajETCTYjigOCG3iaGjdYIKEQlDuCG0ir0T1HTva8pg==",
            "dev": true,
            "requires": {
                "ansi-styles": "^6.2.1",
                "cross-spawn": "^7.0.3",
                "memorystream": "^0.3.1",
                "minimatch": "^9.0.0",
                "pidtree": "^0.6.0",
                "read-package-json-fast": "^3.0.2",
                "shell-quote": "^1.7.3"
            }
        },
        "path-key": {
            "version": "3.1.1",
            "resolved": "https://registry.npmjs.org/path-key/-/path-key-3.1.1.tgz",
            "integrity": "sha512-ojmeN0qd+y0jszEtoY48r0Peq5dwMEkIlCOu6Q5f41lfkswXuKtYrhgoTpLnyIcHm24Uhqx+5Tqm2InSwLhE6Q==",
            "dev": true
        },
        "pidtree": {
            "version": "0.6.0",
            "resolved": "https://registry.npmjs.org/pidtree/-/pidtree-0.6.0.tgz",
            "integrity": "sha512-eG2dWTVw5bzqGRztnHExczNxt5VGsE6OwTeCG3fdUf9KBsZzO3R5OIIIzWR+iZA0NtZ+RDVdaoE2dK1cn6jH4g==",
            "dev": true
        },
        "react": {
            "version": "18.3.1",
            "resolved": "https://registry.npmjs.org/react/-/react-18.3.1.tgz",
            "integrity": "sha512-wS+hAgJShR0KhEvPJArfuPVN1+Hz1t0Y6n5jLrGQbkb4urgPE/0Rve+1kMB1v/oWgHgm4WIcV+i7F2pTVj+2iQ==",
            "dev": true,
            "requires": {
                "loose-envify": "^1.1.0"
            }
        },
        "react-dom": {
            "version": "18.3.1",
            "resolved": "https://registry.npmjs.org/react-dom/-/react-dom-18.3.1.tgz",
            "integrity": "sha512-5m4nQKp+rZRb09LNH59GM4BxTh9251/ylbKIbpe7TpGxfJ+9kv6BLkLBXIjjspbgbnIBNqlI23tRnTWT0snUIw==",
            "dev": true,
            "requires": {
                "loose-envify": "^1.1.0",
                "scheduler": "^0.23.2"
            }
        },
        "read-package-json-fast": {
            "version": "3.0.2",
            "resolved": "https://registry.npmjs.org/read-package-json-fast/-/read-package-json-fast-3.0.2.tgz",
            "integrity": "sha512-0J+Msgym3vrLOUB3hzQCuZHII0xkNGCtz/HJH9xZshwv9DbDwkw1KaE3gx/e2J5rpEY5rtOy6cyhKOPrkP7FZw==",
            "dev": true,
            "requires": {
                "json-parse-even-better-errors": "^3.0.0",
                "npm-normalize-package-bin": "^3.0.0"
            }
        },
        "scheduler": {
            "version": "0.23.2",
            "resolved": "https://registry.npmjs.org/scheduler/-/scheduler-0.23.2.tgz",
            "integrity": "sha512-UOShsPwz7NrMUqhR6t0hWjFduvOzbtv7toDH1/hIrfRNIDBnnBWd0CwJTGvTpngVlmwGCdP9/Zl/tVrDqcuYzQ==",
            "dev": true,
            "requires": {
                "loose-envify": "^1.1.0"
            }
        },
        "shebang-command": {
            "version": "2.0.0",
            "resolved": "https://registry.npmjs.org/shebang-command/-/shebang-command-2.0.0.tgz",
            "integrity": "sha512-kHxr2zZpYtdmrN1qDjrrX/Z1rR1kG8Dx+gkpK1G4eXmvXswmcE1hTWBWYUzlraYw1/yZp6YuDY77YtvbN0dmDA==",
            "dev": true,
            "requires": {
                "shebang-regex": "^3.0.0"
            }
        },
        "shebang-regex": {
            "version": "3.0.0",
            "resolved": "https://registry.npmjs.org/shebang-regex/-/shebang-regex-3.0.0.tgz",
            "integrity": "sha512-7++dFhtcx3353uBaq8DDR4NuxBetBzC7ZQOhmTQInHEd6bSrXdiEyzCvG07Z44UYdLShWUyXt5M/yhz8ekcb1A==",
            "dev": true
        },
        "shell-quote": {
            "version": "1.7.3",
            "resolved": "https://registry.npmjs.org/shell-quote/-/shell-quote-1.7.3.tgz",
            "integrity": "sha512-Vpfqwm4EnqGdlsBFNmHhxhElJYrdfcxPThu+ryKS5J8L/fhAwLazFZtq+S+TWZ9ANj2piSQLGj6NQg+lKPmxrw==",
            "dev": true
        },
        "typescript": {
            "version": "5.5.4",
            "resolved": "https://registry.npmjs.org/typescript/-/typescript-5.5.4.tgz",
            "integrity": "sha512-Mtq29sKDAEYP7aljRgtPOpTvOfbwRWlS6dPRzwjdE+C0R4brX/GUyhHSecbHMFLNBLcJIPt9nl9yG5TZ1weH+Q==",
            "dev": true
        },
        "which": {
            "version": "2.0.2",
            "resolved": "https://registry.npmjs.org/which/-/which-2.0.2.tgz",
            "integrity": "sha512-BLI3Tl1TW3Pvl70l3yq3Y64i+awpwXqsGBYWkkqMtnbXgrMD+yj7rhW0kuEDxzJaYXGjEW5ogapKNMEKNMjibA==",
            "dev": true,
            "requires": {
                "isexe": "^2.0.0"
            }
        }
    }
}
